
Microsoft Visual Studio Solution File, Format Version 12.00
# Visual Studio Version 16
VisualStudioVersion = 16.0.30907.101
MinimumVisualStudioVersion = 10.0.40219.1
Project("{FAE04EC0-301F-11D3-BF4B-00C04F79EFBC}") = "CalculatorApp", "CalculatorApp\CalculatorApp.csproj", "{F6062695-793A-4171-85B0-73040CD293CF}"
EndProject
Global
	GlobalSection(SolutionConfigurationPlatforms) = preSolution
		Debug|Any CPU = Debug|Any CPU
		Release|Any CPU = Release|Any CPU
	EndGlobalSection
	GlobalSection(ProjectConfigurationPlatforms) = postSolution
		{F6062695-793A-4171-85B0-73040CD293CF}.Debug|Any CPU.ActiveCfg = Debug|Any CPU
		{F6062695-793A-4171-85B0-73040CD293CF}.Debug|Any CPU.Build.0 = Debug|Any CPU
		{F6062695-793A-4171-85B0-73040CD293CF}.Release|Any CPU.ActiveCfg = Release|Any CPU
		{F6062695-793A-4171-85B0-73040CD293CF}.Release|Any CPU.Build.0 = Release|Any CPU
	EndGlobalSection
	GlobalSection(SolutionProperties) = preSolution
		HideSolutionNode = FALSE
	EndGlobalSection
	GlobalSection(ExtensibilityGlobals) = postSolution
		SolutionGuid = {DB05076C-39F2-4A26-8C2E-B6A66DD668D9}
	EndGlobalSection
EndGlobal
